# This file is automatically @generated by Cargo.
# It is not intended for manual editing.
version = 4

[[package]]
name = "qw-audio"
version = "0.1.0"

[[package]]
name = "qw-client"
version = "0.1.0"
dependencies = [
 "qw-audio",
 "qw-common",
 "qw-renderer-gl",
 "qw-window-glfw",
]

[[package]]
name = "qw-common"
version = "0.1.0"

[[package]]
name = "qw-renderer-gl"
version = "0.1.0"
dependencies = [
 "qw-common",
]

[[package]]
name = "qw-server"
version = "0.1.0"

[[package]]
name = "qw-window-glfw"
version = "0.1.0"
